// !$*UTF8*$!
{
	archiveVersion = 1;
	classes = {
	};
	objectVersion = 60;
	objects = {

/* Begin PBXBuildFile section */
		BC0E117E2D46AB2300DE09EF /* SwopAPI in Frameworks */ = {isa = PBXBuildFile; productRef = BC0E117D2D46AB2300DE09EF /* SwopAPI */; };
		BC0E11812D46ABBC00DE09EF /* SwopAPIManager.swift in Sources */ = {isa = PBXBuildFile; fileRef = BC0E11802D46ABBC00DE09EF /* SwopAPIManager.swift */; };
		BC6710AA2D4443B700E19227 /* Apollo in Frameworks */ = {isa = PBXBuildFile; productRef = BC6710A92D4443B700E19227 /* Apollo */; };
		BC6710B52D45668300E19227 /* Currency.swift in Sources */ = {isa = PBXBuildFile; fileRef = BC6710B42D45668300E19227 /* Currency.swift */; };
		BC6710B72D456A4700E19227 /* Faking.swift in Sources */ = {isa = PBXBuildFile; fileRef = BC6710B62D456A4700E19227 /* Faking.swift */; };
		BC6710BB2D4571C700E19227 /* CurrencyTableViewCell.swift in Sources */ = {isa = PBXBuildFile; fileRef = BC6710B92D4571C700E19227 /* CurrencyTableViewCell.swift */; };
		BC6710BC2D4571C700E19227 /* CurrencyTableViewCell.xib in Resources */ = {isa = PBXBuildFile; fileRef = BC6710BA2D4571C700E19227 /* CurrencyTableViewCell.xib */; };
		BC6710BF2D46531000E19227 /* TabBarController.swift in Sources */ = {isa = PBXBuildFile; fileRef = BC6710BE2D46531000E19227 /* TabBarController.swift */; };
		BC6710C32D4656C400E19227 /* FavouritesViewController.swift in Sources */ = {isa = PBXBuildFile; fileRef = BC6710C12D4656C400E19227 /* FavouritesViewController.swift */; };
		BC6710C62D4656DA00E19227 /* FavouritesViewModel.swift in Sources */ = {isa = PBXBuildFile; fileRef = BC6710C52D4656DA00E19227 /* FavouritesViewModel.swift */; };
		BC6710C82D46588800E19227 /* Favourites.storyboard in Resources */ = {isa = PBXBuildFile; fileRef = BC6710C72D46588800E19227 /* Favourites.storyboard */; };
		BC6710CC2D465A0700E19227 /* PlaceholderView.swift in Sources */ = {isa = PBXBuildFile; fileRef = BC6710CB2D465A0700E19227 /* PlaceholderView.swift */; };
		BC6710CE2D465A3000E19227 /* PlaceholderView.xib in Resources */ = {isa = PBXBuildFile; fileRef = BC6710CD2D465A3000E19227 /* PlaceholderView.xib */; };
		BC96BC4F2D4258AD00D4868D /* AppDelegate.swift in Sources */ = {isa = PBXBuildFile; fileRef = BC96BC4E2D4258AD00D4868D /* AppDelegate.swift */; };
		BC96BC532D4258AD00D4868D /* CurrenciesViewController.swift in Sources */ = {isa = PBXBuildFile; fileRef = BC96BC522D4258AD00D4868D /* CurrenciesViewController.swift */; };
		BC96BC562D4258AD00D4868D /* Currencies.storyboard in Resources */ = {isa = PBXBuildFile; fileRef = BC96BC542D4258AD00D4868D /* Currencies.storyboard */; };
		BC96BC582D4258AF00D4868D /* Assets.xcassets in Resources */ = {isa = PBXBuildFile; fileRef = BC96BC572D4258AF00D4868D /* Assets.xcassets */; };
		BC96BC5B2D4258AF00D4868D /* LaunchScreen.storyboard in Resources */ = {isa = PBXBuildFile; fileRef = BC96BC592D4258AF00D4868D /* LaunchScreen.storyboard */; };
		BC96BC642D426CBF00D4868D /* AppCoordinator.swift in Sources */ = {isa = PBXBuildFile; fileRef = BC96BC632D426CBF00D4868D /* AppCoordinator.swift */; };
		BC96BC6B2D42EF1E00D4868D /* CurrenciesViewModel.swift in Sources */ = {isa = PBXBuildFile; fileRef = BC96BC6A2D42EF1E00D4868D /* CurrenciesViewModel.swift */; };
		BC96BC712D4414E600D4868D /* Storyboardable.swift in Sources */ = {isa = PBXBuildFile; fileRef = BC96BC702D4414E600D4868D /* Storyboardable.swift */; };
		BC96BC732D44395300D4868D /* Constants.swift in Sources */ = {isa = PBXBuildFile; fileRef = BC96BC722D44395300D4868D /* Constants.swift */; };
/* End PBXBuildFile section */

/* Begin PBXFileReference section */
		BC0E11792D468F9400DE09EF /* schema.graphqls */ = {isa = PBXFileReference; lastKnownFileType = text; path = schema.graphqls; sourceTree = "<group>"; };
		BC0E117A2D468FE900DE09EF /* LatestEuro.graphql */ = {isa = PBXFileReference; lastKnownFileType = text; path = LatestEuro.graphql; sourceTree = "<group>"; };
		BC0E11802D46ABBC00DE09EF /* SwopAPIManager.swift */ = {isa = PBXFileReference; lastKnownFileType = sourcecode.swift; path = SwopAPIManager.swift; sourceTree = "<group>"; };
		BC6710B42D45668300E19227 /* Currency.swift */ = {isa = PBXFileReference; lastKnownFileType = sourcecode.swift; path = Currency.swift; sourceTree = "<group>"; };
		BC6710B62D456A4700E19227 /* Faking.swift */ = {isa = PBXFileReference; lastKnownFileType = sourcecode.swift; path = Faking.swift; sourceTree = "<group>"; };
		BC6710B92D4571C700E19227 /* CurrencyTableViewCell.swift */ = {isa = PBXFileReference; lastKnownFileType = sourcecode.swift; path = CurrencyTableViewCell.swift; sourceTree = "<group>"; };
		BC6710BA2D4571C700E19227 /* CurrencyTableViewCell.xib */ = {isa = PBXFileReference; lastKnownFileType = file.xib; path = CurrencyTableViewCell.xib; sourceTree = "<group>"; };
		BC6710BE2D46531000E19227 /* TabBarController.swift */ = {isa = PBXFileReference; lastKnownFileType = sourcecode.swift; path = TabBarController.swift; sourceTree = "<group>"; };
		BC6710C12D4656C400E19227 /* FavouritesViewController.swift */ = {isa = PBXFileReference; lastKnownFileType = sourcecode.swift; path = FavouritesViewController.swift; sourceTree = "<group>"; };
		BC6710C52D4656DA00E19227 /* FavouritesViewModel.swift */ = {isa = PBXFileReference; lastKnownFileType = sourcecode.swift; path = FavouritesViewModel.swift; sourceTree = "<group>"; };
		BC6710C72D46588800E19227 /* Favourites.storyboard */ = {isa = PBXFileReference; lastKnownFileType = file.storyboard; path = Favourites.storyboard; sourceTree = "<group>"; };
		BC6710CB2D465A0700E19227 /* PlaceholderView.swift */ = {isa = PBXFileReference; lastKnownFileType = sourcecode.swift; path = PlaceholderView.swift; sourceTree = "<group>"; };
		BC6710CD2D465A3000E19227 /* PlaceholderView.xib */ = {isa = PBXFileReference; lastKnownFileType = file.xib; path = PlaceholderView.xib; sourceTree = "<group>"; };
		BC96BC4B2D4258AD00D4868D /* ExchangeMate.app */ = {isa = PBXFileReference; explicitFileType = wrapper.application; includeInIndex = 0; path = ExchangeMate.app; sourceTree = BUILT_PRODUCTS_DIR; };
		BC96BC4E2D4258AD00D4868D /* AppDelegate.swift */ = {isa = PBXFileReference; lastKnownFileType = sourcecode.swift; path = AppDelegate.swift; sourceTree = "<group>"; };
		BC96BC522D4258AD00D4868D /* CurrenciesViewController.swift */ = {isa = PBXFileReference; lastKnownFileType = sourcecode.swift; path = CurrenciesViewController.swift; sourceTree = "<group>"; };
		BC96BC552D4258AD00D4868D /* Base */ = {isa = PBXFileReference; lastKnownFileType = file.storyboard; name = Base; path = Base.lproj/Currencies.storyboard; sourceTree = "<group>"; };
		BC96BC572D4258AF00D4868D /* Assets.xcassets */ = {isa = PBXFileReference; lastKnownFileType = folder.assetcatalog; path = Assets.xcassets; sourceTree = "<group>"; };
		BC96BC5A2D4258AF00D4868D /* Base */ = {isa = PBXFileReference; lastKnownFileType = file.storyboard; name = Base; path = Base.lproj/LaunchScreen.storyboard; sourceTree = "<group>"; };
		BC96BC5C2D4258AF00D4868D /* Info.plist */ = {isa = PBXFileReference; lastKnownFileType = text.plist.xml; path = Info.plist; sourceTree = "<group>"; };
		BC96BC632D426CBF00D4868D /* AppCoordinator.swift */ = {isa = PBXFileReference; lastKnownFileType = sourcecode.swift; path = AppCoordinator.swift; sourceTree = "<group>"; };
		BC96BC6A2D42EF1E00D4868D /* CurrenciesViewModel.swift */ = {isa = PBXFileReference; lastKnownFileType = sourcecode.swift; path = CurrenciesViewModel.swift; sourceTree = "<group>"; };
		BC96BC702D4414E600D4868D /* Storyboardable.swift */ = {isa = PBXFileReference; lastKnownFileType = sourcecode.swift; path = Storyboardable.swift; sourceTree = "<group>"; };
		BC96BC722D44395300D4868D /* Constants.swift */ = {isa = PBXFileReference; lastKnownFileType = sourcecode.swift; path = Constants.swift; sourceTree = "<group>"; };
/* End PBXFileReference section */

/* Begin PBXFrameworksBuildPhase section */
		BC96BC482D4258AD00D4868D /* Frameworks */ = {
			isa = PBXFrameworksBuildPhase;
			buildActionMask = 2147483647;
			files = (
				BC0E117E2D46AB2300DE09EF /* SwopAPI in Frameworks */,
				BC6710AA2D4443B700E19227 /* Apollo in Frameworks */,
			);
			runOnlyForDeploymentPostprocessing = 0;
		};
/* End PBXFrameworksBuildPhase section */

/* Begin PBXGroup section */
		BC0E117B2D468FF300DE09EF /* GraphQL */ = {
			isa = PBXGroup;
			children = (
				BC0E11792D468F9400DE09EF /* schema.graphqls */,
				BC0E117A2D468FE900DE09EF /* LatestEuro.graphql */,
			);
			path = GraphQL;
			sourceTree = "<group>";
		};
		BC0E117F2D46AB8F00DE09EF /* API */ = {
			isa = PBXGroup;
			children = (
				BC0E11802D46ABBC00DE09EF /* SwopAPIManager.swift */,
			);
			path = API;
			sourceTree = "<group>";
		};
		BC6710B32D45667800E19227 /* Models */ = {
			isa = PBXGroup;
			children = (
				BC6710B42D45668300E19227 /* Currency.swift */,
			);
			path = Models;
			sourceTree = "<group>";
		};
		BC6710B82D4571A500E19227 /* CurrenciesCell */ = {
			isa = PBXGroup;
			children = (
				BC6710B92D4571C700E19227 /* CurrencyTableViewCell.swift */,
				BC6710BA2D4571C700E19227 /* CurrencyTableViewCell.xib */,
			);
			path = CurrenciesCell;
			sourceTree = "<group>";
		};
		BC6710BD2D4652E200E19227 /* TabBar */ = {
			isa = PBXGroup;
			children = (
				BC6710BE2D46531000E19227 /* TabBarController.swift */,
			);
			path = TabBar;
			sourceTree = "<group>";
		};
		BC6710C02D4656A900E19227 /* Favourites */ = {
			isa = PBXGroup;
			children = (
				BC6710C12D4656C400E19227 /* FavouritesViewController.swift */,
				BC6710C52D4656DA00E19227 /* FavouritesViewModel.swift */,
				BC6710C72D46588800E19227 /* Favourites.storyboard */,
			);
			path = Favourites;
			sourceTree = "<group>";
		};
		BC6710C92D46598B00E19227 /* ReusableViews */ = {
			isa = PBXGroup;
			children = (
				BC6710B82D4571A500E19227 /* CurrenciesCell */,
				BC6710CA2D46599800E19227 /* PlaceholderView */,
			);
			path = ReusableViews;
			sourceTree = "<group>";
		};
		BC6710CA2D46599800E19227 /* PlaceholderView */ = {
			isa = PBXGroup;
			children = (
				BC6710CB2D465A0700E19227 /* PlaceholderView.swift */,
				BC6710CD2D465A3000E19227 /* PlaceholderView.xib */,
			);
			path = PlaceholderView;
			sourceTree = "<group>";
		};
		BC96BC422D4258AD00D4868D = {
			isa = PBXGroup;
			children = (
				BC96BC4D2D4258AD00D4868D /* ExchangeMate */,
				BC96BC4C2D4258AD00D4868D /* Products */,
			);
			sourceTree = "<group>";
		};
		BC96BC4C2D4258AD00D4868D /* Products */ = {
			isa = PBXGroup;
			children = (
				BC96BC4B2D4258AD00D4868D /* ExchangeMate.app */,
			);
			name = Products;
			sourceTree = "<group>";
		};
		BC96BC4D2D4258AD00D4868D /* ExchangeMate */ = {
			isa = PBXGroup;
			children = (
				BC0E117F2D46AB8F00DE09EF /* API */,
				BC0E117B2D468FF300DE09EF /* GraphQL */,
				BC6710B32D45667800E19227 /* Models */,
				BC96BC6F2D4414D300D4868D /* Helpers */,
				BC96BC622D426CA900D4868D /* Application */,
				BC96BC652D42EDDF00D4868D /* Coordinator */,
				BC96BC682D42EEBD00D4868D /* MVVM */,
				BC96BC572D4258AF00D4868D /* Assets.xcassets */,
				BC96BC592D4258AF00D4868D /* LaunchScreen.storyboard */,
				BC96BC5C2D4258AF00D4868D /* Info.plist */,
			);
			path = ExchangeMate;
			sourceTree = "<group>";
		};
		BC96BC622D426CA900D4868D /* Application */ = {
			isa = PBXGroup;
			children = (
				BC96BC4E2D4258AD00D4868D /* AppDelegate.swift */,
			);
			path = Application;
			sourceTree = "<group>";
		};
		BC96BC652D42EDDF00D4868D /* Coordinator */ = {
			isa = PBXGroup;
			children = (
				BC96BC632D426CBF00D4868D /* AppCoordinator.swift */,
			);
			path = Coordinator;
			sourceTree = "<group>";
		};
		BC96BC682D42EEBD00D4868D /* MVVM */ = {
			isa = PBXGroup;
			children = (
				BC6710C92D46598B00E19227 /* ReusableViews */,
				BC6710BD2D4652E200E19227 /* TabBar */,
				BC96BC692D42EED900D4868D /* Currencies */,
				BC6710C02D4656A900E19227 /* Favourites */,
			);
			path = MVVM;
			sourceTree = "<group>";
		};
		BC96BC692D42EED900D4868D /* Currencies */ = {
			isa = PBXGroup;
			children = (
				BC96BC522D4258AD00D4868D /* CurrenciesViewController.swift */,
				BC96BC6A2D42EF1E00D4868D /* CurrenciesViewModel.swift */,
				BC96BC542D4258AD00D4868D /* Currencies.storyboard */,
			);
			path = Currencies;
			sourceTree = "<group>";
		};
		BC96BC6F2D4414D300D4868D /* Helpers */ = {
			isa = PBXGroup;
			children = (
				BC96BC722D44395300D4868D /* Constants.swift */,
				BC6710B62D456A4700E19227 /* Faking.swift */,
				BC96BC702D4414E600D4868D /* Storyboardable.swift */,
			);
			path = Helpers;
			sourceTree = "<group>";
		};
/* End PBXGroup section */

/* Begin PBXNativeTarget section */
		BC96BC4A2D4258AD00D4868D /* ExchangeMate */ = {
			isa = PBXNativeTarget;
			buildConfigurationList = BC96BC5F2D4258AF00D4868D /* Build configuration list for PBXNativeTarget "ExchangeMate" */;
			buildPhases = (
				BC96BC472D4258AD00D4868D /* Sources */,
				BC96BC482D4258AD00D4868D /* Frameworks */,
				BC96BC492D4258AD00D4868D /* Resources */,
			);
			buildRules = (
			);
			dependencies = (
			);
			name = ExchangeMate;
			packageProductDependencies = (
				BC6710A92D4443B700E19227 /* Apollo */,
				BC0E117D2D46AB2300DE09EF /* SwopAPI */,
			);
			productName = ExchangeMate;
			productReference = BC96BC4B2D4258AD00D4868D /* ExchangeMate.app */;
			productType = "com.apple.product-type.application";
		};
/* End PBXNativeTarget section */

/* Begin PBXProject section */
		BC96BC432D4258AD00D4868D /* Project object */ = {
			isa = PBXProject;
			attributes = {
				BuildIndependentTargetsInParallel = 1;
				LastSwiftUpdateCheck = 1520;
				LastUpgradeCheck = 1520;
				TargetAttributes = {
					BC96BC4A2D4258AD00D4868D = {
						CreatedOnToolsVersion = 15.2;
					};
				};
			};
			buildConfigurationList = BC96BC462D4258AD00D4868D /* Build configuration list for PBXProject "ExchangeMate" */;
			compatibilityVersion = "Xcode 14.0";
			developmentRegion = en;
			hasScannedForEncodings = 0;
			knownRegions = (
				en,
				Base,
			);
			mainGroup = BC96BC422D4258AD00D4868D;
			packageReferences = (
				BC6710A82D4443B700E19227 /* XCRemoteSwiftPackageReference "apollo-ios" */,
				BC0E117C2D46AB2300DE09EF /* XCLocalSwiftPackageReference "SwopAPI" */,
			);
			productRefGroup = BC96BC4C2D4258AD00D4868D /* Products */;
			projectDirPath = "";
			projectRoot = "";
			targets = (
				BC96BC4A2D4258AD00D4868D /* ExchangeMate */,
			);
		};
/* End PBXProject section */

/* Begin PBXResourcesBuildPhase section */
		BC96BC492D4258AD00D4868D /* Resources */ = {
			isa = PBXResourcesBuildPhase;
			buildActionMask = 2147483647;
			files = (
				BC6710CE2D465A3000E19227 /* PlaceholderView.xib in Resources */,
				BC6710BC2D4571C700E19227 /* CurrencyTableViewCell.xib in Resources */,
				BC96BC5B2D4258AF00D4868D /* LaunchScreen.storyboard in Resources */,
				BC96BC582D4258AF00D4868D /* Assets.xcassets in Resources */,
				BC96BC562D4258AD00D4868D /* Currencies.storyboard in Resources */,
				BC6710C82D46588800E19227 /* Favourites.storyboard in Resources */,
			);
			runOnlyForDeploymentPostprocessing = 0;
		};
/* End PBXResourcesBuildPhase section */

/* Begin PBXSourcesBuildPhase section */
		BC96BC472D4258AD00D4868D /* Sources */ = {
			isa = PBXSourcesBuildPhase;
			buildActionMask = 2147483647;
			files = (
				BC6710CC2D465A0700E19227 /* PlaceholderView.swift in Sources */,
				BC96BC642D426CBF00D4868D /* AppCoordinator.swift in Sources */,
				BC96BC712D4414E600D4868D /* Storyboardable.swift in Sources */,
				BC96BC532D4258AD00D4868D /* CurrenciesViewController.swift in Sources */,
				BC6710C32D4656C400E19227 /* FavouritesViewController.swift in Sources */,
				BC96BC6B2D42EF1E00D4868D /* CurrenciesViewModel.swift in Sources */,
				BC96BC4F2D4258AD00D4868D /* AppDelegate.swift in Sources */,
				BC6710B52D45668300E19227 /* Currency.swift in Sources */,
				BC96BC732D44395300D4868D /* Constants.swift in Sources */,
				BC6710C62D4656DA00E19227 /* FavouritesViewModel.swift in Sources */,
				BC0E11812D46ABBC00DE09EF /* SwopAPIManager.swift in Sources */,
				BC6710BB2D4571C700E19227 /* CurrencyTableViewCell.swift in Sources */,
				BC6710BF2D46531000E19227 /* TabBarController.swift in Sources */,
				BC6710B72D456A4700E19227 /* Faking.swift in Sources */,
			);
			runOnlyForDeploymentPostprocessing = 0;
		};
/* End PBXSourcesBuildPhase section */

/* Begin PBXVariantGroup section */
		BC96BC542D4258AD00D4868D /* Currencies.storyboard */ = {
			isa = PBXVariantGroup;
			children = (
				BC96BC552D4258AD00D4868D /* Base */,
			);
			name = Currencies.storyboard;
			sourceTree = "<group>";
		};
		BC96BC592D4258AF00D4868D /* LaunchScreen.storyboard */ = {
			isa = PBXVariantGroup;
			children = (
				BC96BC5A2D4258AF00D4868D /* Base */,
			);
			name = LaunchScreen.storyboard;
			sourceTree = "<group>";
		};
/* End PBXVariantGroup section */

/* Begin XCBuildConfiguration section */
		BC96BC5D2D4258AF00D4868D /* Debug */ = {
			isa = XCBuildConfiguration;
			buildSettings = {
				ALWAYS_SEARCH_USER_PATHS = NO;
				ASSETCATALOG_COMPILER_GENERATE_SWIFT_ASSET_SYMBOL_EXTENSIONS = YES;
				CLANG_ANALYZER_NONNULL = YES;
				CLANG_ANALYZER_NUMBER_OBJECT_CONVERSION = YES_AGGRESSIVE;
				CLANG_CXX_LANGUAGE_STANDARD = "gnu++20";
				CLANG_ENABLE_MODULES = YES;
				CLANG_ENABLE_OBJC_ARC = YES;
				CLANG_ENABLE_OBJC_WEAK = YES;
				CLANG_WARN_BLOCK_CAPTURE_AUTORELEASING = YES;
				CLANG_WARN_BOOL_CONVERSION = YES;
				CLANG_WARN_COMMA = YES;
				CLANG_WARN_CONSTANT_CONVERSION = YES;
				CLANG_WARN_DEPRECATED_OBJC_IMPLEMENTATIONS = YES;
				CLANG_WARN_DIRECT_OBJC_ISA_USAGE = YES_ERROR;
				CLANG_WARN_DOCUMENTATION_COMMENTS = YES;
				CLANG_WARN_EMPTY_BODY = YES;
				CLANG_WARN_ENUM_CONVERSION = YES;
				CLANG_WARN_INFINITE_RECURSION = YES;
				CLANG_WARN_INT_CONVERSION = YES;
				CLANG_WARN_NON_LITERAL_NULL_CONVERSION = YES;
				CLANG_WARN_OBJC_IMPLICIT_RETAIN_SELF = YES;
				CLANG_WARN_OBJC_LITERAL_CONVERSION = YES;
				CLANG_WARN_OBJC_ROOT_CLASS = YES_ERROR;
				CLANG_WARN_QUOTED_INCLUDE_IN_FRAMEWORK_HEADER = YES;
				CLANG_WARN_RANGE_LOOP_ANALYSIS = YES;
				CLANG_WARN_STRICT_PROTOTYPES = YES;
				CLANG_WARN_SUSPICIOUS_MOVE = YES;
				CLANG_WARN_UNGUARDED_AVAILABILITY = YES_AGGRESSIVE;
				CLANG_WARN_UNREACHABLE_CODE = YES;
				CLANG_WARN__DUPLICATE_METHOD_MATCH = YES;
				COPY_PHASE_STRIP = NO;
				DEBUG_INFORMATION_FORMAT = dwarf;
				ENABLE_STRICT_OBJC_MSGSEND = YES;
				ENABLE_TESTABILITY = YES;
				ENABLE_USER_SCRIPT_SANDBOXING = YES;
				GCC_C_LANGUAGE_STANDARD = gnu17;
				GCC_DYNAMIC_NO_PIC = NO;
				GCC_NO_COMMON_BLOCKS = YES;
				GCC_OPTIMIZATION_LEVEL = 0;
				GCC_PREPROCESSOR_DEFINITIONS = (
					"DEBUG=1",
					"$(inherited)",
				);
				GCC_WARN_64_TO_32_BIT_CONVERSION = YES;
				GCC_WARN_ABOUT_RETURN_TYPE = YES_ERROR;
				GCC_WARN_UNDECLARED_SELECTOR = YES;
				GCC_WARN_UNINITIALIZED_AUTOS = YES_AGGRESSIVE;
				GCC_WARN_UNUSED_FUNCTION = YES;
				GCC_WARN_UNUSED_VARIABLE = YES;
				IPHONEOS_DEPLOYMENT_TARGET = 17.2;
				LOCALIZATION_PREFERS_STRING_CATALOGS = YES;
				MTL_ENABLE_DEBUG_INFO = INCLUDE_SOURCE;
				MTL_FAST_MATH = YES;
				ONLY_ACTIVE_ARCH = YES;
				SDKROOT = iphoneos;
				SWIFT_ACTIVE_COMPILATION_CONDITIONS = "DEBUG $(inherited)";
				SWIFT_OPTIMIZATION_LEVEL = "-Onone";
			};
			name = Debug;
		};
		BC96BC5E2D4258AF00D4868D /* Release */ = {
			isa = XCBuildConfiguration;
			buildSettings = {
				ALWAYS_SEARCH_USER_PATHS = NO;
				ASSETCATALOG_COMPILER_GENERATE_SWIFT_ASSET_SYMBOL_EXTENSIONS = YES;
				CLANG_ANALYZER_NONNULL = YES;
				CLANG_ANALYZER_NUMBER_OBJECT_CONVERSION = YES_AGGRESSIVE;
				CLANG_CXX_LANGUAGE_STANDARD = "gnu++20";
				CLANG_ENABLE_MODULES = YES;
				CLANG_ENABLE_OBJC_ARC = YES;
				CLANG_ENABLE_OBJC_WEAK = YES;
				CLANG_WARN_BLOCK_CAPTURE_AUTORELEASING = YES;
				CLANG_WARN_BOOL_CONVERSION = YES;
				CLANG_WARN_COMMA = YES;
				CLANG_WARN_CONSTANT_CONVERSION = YES;
				CLANG_WARN_DEPRECATED_OBJC_IMPLEMENTATIONS = YES;
				CLANG_WARN_DIRECT_OBJC_ISA_USAGE = YES_ERROR;
				CLANG_WARN_DOCUMENTATION_COMMENTS = YES;
				CLANG_WARN_EMPTY_BODY = YES;
				CLANG_WARN_ENUM_CONVERSION = YES;
				CLANG_WARN_INFINITE_RECURSION = YES;
				CLANG_WARN_INT_CONVERSION = YES;
				CLANG_WARN_NON_LITERAL_NULL_CONVERSION = YES;
				CLANG_WARN_OBJC_IMPLICIT_RETAIN_SELF = YES;
				CLANG_WARN_OBJC_LITERAL_CONVERSION = YES;
				CLANG_WARN_OBJC_ROOT_CLASS = YES_ERROR;
				CLANG_WARN_QUOTED_INCLUDE_IN_FRAMEWORK_HEADER = YES;
				CLANG_WARN_RANGE_LOOP_ANALYSIS = YES;
				CLANG_WARN_STRICT_PROTOTYPES = YES;
				CLANG_WARN_SUSPICIOUS_MOVE = YES;
				CLANG_WARN_UNGUARDED_AVAILABILITY = YES_AGGRESSIVE;
				CLANG_WARN_UNREACHABLE_CODE = YES;
				CLANG_WARN__DUPLICATE_METHOD_MATCH = YES;
				COPY_PHASE_STRIP = NO;
				DEBUG_INFORMATION_FORMAT = "dwarf-with-dsym";
				ENABLE_NS_ASSERTIONS = NO;
				ENABLE_STRICT_OBJC_MSGSEND = YES;
				ENABLE_USER_SCRIPT_SANDBOXING = YES;
				GCC_C_LANGUAGE_STANDARD = gnu17;
				GCC_NO_COMMON_BLOCKS = YES;
				GCC_WARN_64_TO_32_BIT_CONVERSION = YES;
				GCC_WARN_ABOUT_RETURN_TYPE = YES_ERROR;
				GCC_WARN_UNDECLARED_SELECTOR = YES;
				GCC_WARN_UNINITIALIZED_AUTOS = YES_AGGRESSIVE;
				GCC_WARN_UNUSED_FUNCTION = YES;
				GCC_WARN_UNUSED_VARIABLE = YES;
				IPHONEOS_DEPLOYMENT_TARGET = 17.2;
				LOCALIZATION_PREFERS_STRING_CATALOGS = YES;
				MTL_ENABLE_DEBUG_INFO = NO;
				MTL_FAST_MATH = YES;
				SDKROOT = iphoneos;
				SWIFT_COMPILATION_MODE = wholemodule;
				VALIDATE_PRODUCT = YES;
			};
			name = Release;
		};
		BC96BC602D4258AF00D4868D /* Debug */ = {
			isa = XCBuildConfiguration;
			buildSettings = {
				ASSETCATALOG_COMPILER_APPICON_NAME = AppIcon;
				ASSETCATALOG_COMPILER_GLOBAL_ACCENT_COLOR_NAME = AccentColor;
				ASSETCATALOG_COMPILER_INCLUDE_ALL_APPICON_ASSETS = NO;
				CODE_SIGN_STYLE = Automatic;
				CURRENT_PROJECT_VERSION = 1;
				DEVELOPMENT_TEAM = 94V7T8FB6N;
				GENERATE_INFOPLIST_FILE = YES;
				INFOPLIST_FILE = ExchangeMate/Info.plist;
				INFOPLIST_KEY_UIApplicationSupportsIndirectInputEvents = YES;
				INFOPLIST_KEY_UILaunchStoryboardName = LaunchScreen;
				INFOPLIST_KEY_UIMainStoryboardFile = Currencies;
				INFOPLIST_KEY_UISupportedInterfaceOrientations = UIInterfaceOrientationPortrait;
				IPHONEOS_DEPLOYMENT_TARGET = 16.0;
				LD_RUNPATH_SEARCH_PATHS = (
					"$(inherited)",
					"@executable_path/Frameworks",
				);
				MARKETING_VERSION = 1.0;
				PRODUCT_BUNDLE_IDENTIFIER = lenasoroka.ExchangeMate;
				PRODUCT_NAME = "$(TARGET_NAME)";
				SUPPORTED_PLATFORMS = "iphoneos iphonesimulator";
				SUPPORTS_MACCATALYST = NO;
				SUPPORTS_MAC_DESIGNED_FOR_IPHONE_IPAD = NO;
				SUPPORTS_XR_DESIGNED_FOR_IPHONE_IPAD = NO;
				SWIFT_EMIT_LOC_STRINGS = YES;
				SWIFT_VERSION = 5.0;
				TARGETED_DEVICE_FAMILY = 1;
			};
			name = Debug;
		};
		BC96BC612D4258AF00D4868D /* Release */ = {
			isa = XCBuildConfiguration;
			buildSettings = {
				ASSETCATALOG_COMPILER_APPICON_NAME = AppIcon;
				ASSETCATALOG_COMPILER_GLOBAL_ACCENT_COLOR_NAME = AccentColor;
				ASSETCATALOG_COMPILER_INCLUDE_ALL_APPICON_ASSETS = NO;
				CODE_SIGN_STYLE = Automatic;
				CURRENT_PROJECT_VERSION = 1;
				DEVELOPMENT_TEAM = 94V7T8FB6N;
				GENERATE_INFOPLIST_FILE = YES;
				INFOPLIST_FILE = ExchangeMate/Info.plist;
				INFOPLIST_KEY_UIApplicationSupportsIndirectInputEvents = YES;
				INFOPLIST_KEY_UILaunchStoryboardName = LaunchScreen;
				INFOPLIST_KEY_UIMainStoryboardFile = Currencies;
				INFOPLIST_KEY_UISupportedInterfaceOrientations = UIInterfaceOrientationPortrait;
				IPHONEOS_DEPLOYMENT_TARGET = 16.0;
				LD_RUNPATH_SEARCH_PATHS = (
					"$(inherited)",
					"@executable_path/Frameworks",
				);
				MARKETING_VERSION = 1.0;
				PRODUCT_BUNDLE_IDENTIFIER = lenasoroka.ExchangeMate;
				PRODUCT_NAME = "$(TARGET_NAME)";
				SUPPORTED_PLATFORMS = "iphoneos iphonesimulator";
				SUPPORTS_MACCATALYST = NO;
				SUPPORTS_MAC_DESIGNED_FOR_IPHONE_IPAD = NO;
				SUPPORTS_XR_DESIGNED_FOR_IPHONE_IPAD = NO;
				SWIFT_EMIT_LOC_STRINGS = YES;
				SWIFT_VERSION = 5.0;
				TARGETED_DEVICE_FAMILY = 1;
			};
			name = Release;
		};
/* End XCBuildConfiguration section */

/* Begin XCConfigurationList section */
		BC96BC462D4258AD00D4868D /* Build configuration list for PBXProject "ExchangeMate" */ = {
			isa = XCConfigurationList;
			buildConfigurations = (
				BC96BC5D2D4258AF00D4868D /* Debug */,
				BC96BC5E2D4258AF00D4868D /* Release */,
			);
			defaultConfigurationIsVisible = 0;
			defaultConfigurationName = Release;
		};
		BC96BC5F2D4258AF00D4868D /* Build configuration list for PBXNativeTarget "ExchangeMate" */ = {
			isa = XCConfigurationList;
			buildConfigurations = (
				BC96BC602D4258AF00D4868D /* Debug */,
				BC96BC612D4258AF00D4868D /* Release */,
			);
			defaultConfigurationIsVisible = 0;
			defaultConfigurationName = Release;
		};
/* End XCConfigurationList section */

/* Begin XCLocalSwiftPackageReference section */
		BC0E117C2D46AB2300DE09EF /* XCLocalSwiftPackageReference "SwopAPI" */ = {
			isa = XCLocalSwiftPackageReference;
			relativePath = SwopAPI;
		};
/* End XCLocalSwiftPackageReference section */

/* Begin XCRemoteSwiftPackageReference section */
		BC6710A82D4443B700E19227 /* XCRemoteSwiftPackageReference "apollo-ios" */ = {
			isa = XCRemoteSwiftPackageReference;
			repositoryURL = "https://github.com/apollographql/apollo-ios";
			requirement = {
				kind = upToNextMajorVersion;
				minimumVersion = 1.16.1;
			};
		};
/* End XCRemoteSwiftPackageReference section */

/* Begin XCSwiftPackageProductDependency section */
		BC0E117D2D46AB2300DE09EF /* SwopAPI */ = {
			isa = XCSwiftPackageProductDependency;
			productName = SwopAPI;
		};
		BC6710A92D4443B700E19227 /* Apollo */ = {
			isa = XCSwiftPackageProductDependency;
			package = BC6710A82D4443B700E19227 /* XCRemoteSwiftPackageReference "apollo-ios" */;
			productName = Apollo;
		};
/* End XCSwiftPackageProductDependency section */
	};
	rootObject = BC96BC432D4258AD00D4868D /* Project object */;
}
